
Microsoft Visual Studio Solution File, Format Version 12.00
# Visual Studio Version 17
VisualStudioVersion = 17.5.002.0
MinimumVisualStudioVersion = 10.0.40219.1
Project("{2150E333-8FDC-42A3-9474-1A3956D46DE8}") = "src", "src", "{7A7495E1-D580-4131-A01F-60BA98FD4DC8}"
EndProject
Project("{9A19103F-16F7-4668-BE54-9A1E7A4F7556}") = "AuctionService", "src\AuctionService\AuctionService.csproj", "{F30DF9F4-8453-41A8-BD8F-44E3356B890E}"
EndProject
Project("{FAE04EC0-301F-11D3-BF4B-00C04F79EFBC}") = "SearchService", "src\SearchService\SearchService.csproj", "{F366D0BB-7D7D-4EFB-AB9E-1577E1AE5E0C}"
EndProject
Global
	GlobalSection(SolutionConfigurationPlatforms) = preSolution
		Debug|Any CPU = Debug|Any CPU
		Release|Any CPU = Release|Any CPU
	EndGlobalSection
	GlobalSection(ProjectConfigurationPlatforms) = postSolution
		{F30DF9F4-8453-41A8-BD8F-44E3356B890E}.Debug|Any CPU.ActiveCfg = Debug|Any CPU
		{F30DF9F4-8453-41A8-BD8F-44E3356B890E}.Debug|Any CPU.Build.0 = Debug|Any CPU
		{F30DF9F4-8453-41A8-BD8F-44E3356B890E}.Release|Any CPU.ActiveCfg = Release|Any CPU
		{F30DF9F4-8453-41A8-BD8F-44E3356B890E}.Release|Any CPU.Build.0 = Release|Any CPU
		{F366D0BB-7D7D-4EFB-AB9E-1577E1AE5E0C}.Debug|Any CPU.ActiveCfg = Debug|Any CPU
		{F366D0BB-7D7D-4EFB-AB9E-1577E1AE5E0C}.Debug|Any CPU.Build.0 = Debug|Any CPU
		{F366D0BB-7D7D-4EFB-AB9E-1577E1AE5E0C}.Release|Any CPU.ActiveCfg = Release|Any CPU
		{F366D0BB-7D7D-4EFB-AB9E-1577E1AE5E0C}.Release|Any CPU.Build.0 = Release|Any CPU
	EndGlobalSection
	GlobalSection(SolutionProperties) = preSolution
		HideSolutionNode = FALSE
	EndGlobalSection
	GlobalSection(NestedProjects) = preSolution
		{F30DF9F4-8453-41A8-BD8F-44E3356B890E} = {7A7495E1-D580-4131-A01F-60BA98FD4DC8}
		{F366D0BB-7D7D-4EFB-AB9E-1577E1AE5E0C} = {7A7495E1-D580-4131-A01F-60BA98FD4DC8}
	EndGlobalSection
	GlobalSection(ExtensibilityGlobals) = postSolution
		SolutionGuid = {992EE7AE-EA17-4BD8-9350-6CFAC1E10271}
	EndGlobalSection
EndGlobal
